version = 1
revision = 3
requires-python = ">=3.12"

[[package]]
name = "bottleneck"
version = "1.5.0"
source = { registry = "https://pypi.org/simple" }
dependencies = [
    { name = "numpy" },
]
sdist = { url = "https://files.pythonhosted.org/packages/80/82/dd20e69b97b9072ed2d26cc95c0a573461986bf62f7fde7ac59143490918/bottleneck-1.5.0.tar.gz", hash = "sha256:c860242cf20e69d5aab2ec3c5d6c8c2a15f19e4b25b28b8fca2c2a12cefae9d8", size = 104177, upload-time = "2025-05-13T21:11:21.158Z" }
wheels = [
    { url = "https://files.pythonhosted.org/packages/8e/64/127e174cec548ab98bc0fa868b4f5d3ae5276e25c856d31d235d83d885a8/bottleneck-1.5.0-cp312-cp312-macosx_11_0_arm64.whl", hash = "sha256:dbb0f0d38feda63050aa253cf9435e81a0ecfac954b0df84896636be9eabd9b6", size = 99640, upload-time = "2025-05-13T21:10:43.574Z" },
    { url = "https://files.pythonhosted.org/packages/59/89/6e0b6463a36fd4771a9227d22ea904f892b80d95154399dd3e89fb6001f8/bottleneck-1.5.0-cp312-cp312-manylinux_2_17_aarch64.manylinux2014_aarch64.whl", hash = "sha256:613165ce39bf6bd80f5307da0f05842ba534b213a89526f1eba82ea0099592fc", size = 358009, upload-time = "2025-05-13T21:10:45.045Z" },
    { url = "https://files.pythonhosted.org/packages/f7/d6/7d1795a4a9e6383d3710a94c44010c7f2a8ba58cb5f2d9e2834a1c179afe/bottleneck-1.5.0-cp312-cp312-manylinux_2_5_x86_64.manylinux1_x86_64.manylinux_2_17_x86_64.manylinux2014_x86_64.whl", hash = "sha256:f218e4dae6511180dcc4f06d8300e0c81e7f3df382091f464c5a919d289fab8e", size = 362875, upload-time = "2025-05-13T21:10:46.16Z" },
    { url = "https://files.pythonhosted.org/packages/2b/1b/bab35ef291b9379a97e2fb986ce75f32eda38a47fc4954177b43590ee85e/bottleneck-1.5.0-cp312-cp312-musllinux_1_2_aarch64.whl", hash = "sha256:3886799cceb271eb67d057f6ecb13fb4582bda17a3b13b4fa0334638c59637c6", size = 361194, upload-time = "2025-05-13T21:10:47.631Z" },
    { url = "https://files.pythonhosted.org/packages/d5/f3/a416fed726b81d2093578bc2112077f011c9f57b31e7ff3a1a9b00cce3d3/bottleneck-1.5.0-cp312-cp312-musllinux_1_2_x86_64.whl", hash = "sha256:dc8d553d4bf033d3e025cd32d4c034d2daf10709e31ced3909811d1c843e451c", size = 373253, upload-time = "2025-05-13T21:10:48.634Z" },
    { url = "https://files.pythonhosted.org/packages/0a/40/c372f9e59b3ce340d170fbdc24c12df3d2b3c22c4809b149b7129044180b/bottleneck-1.5.0-cp312-cp312-win32.whl", hash = "sha256:0dca825048a3076f34c4a35409e3277b31ceeb3cbb117bbe2a13ff5c214bcabc", size = 107915, upload-time = "2025-05-13T21:10:50.639Z" },
    { url = "https://files.pythonhosted.org/packages/28/5a/57571a3cd4e356bbd636bb2225fbe916f29adc2235ba3dc77cd4085c91c8/bottleneck-1.5.0-cp312-cp312-win_amd64.whl", hash = "sha256:f26005740e6ef6013eba8a48241606a963e862a601671eab064b7835cd12ef3d", size = 112148, upload-time = "2025-05-13T21:10:51.626Z" },
    { url = "https://files.pythonhosted.org/packages/e9/8c/1e1fb2d30a906bc009f3fe070fa188a9593d73e5aa5e815e55edbb96eeec/bottleneck-1.5.0-cp313-cp313-macosx_11_0_arm64.whl", hash = "sha256:97285cfedf3545d9a010b2db2123f9750bf920081e29364cc465052973bd0b5a", size = 99653, upload-time = "2025-05-13T21:10:52.655Z" },
    { url = "https://files.pythonhosted.org/packages/56/8c/876c41988a9806020dc9b150f7ad5764a3d14857c11b637285eb7431c25f/bottleneck-1.5.0-cp313-cp313-manylinux_2_17_aarch64.manylinux2014_aarch64.whl", hash = "sha256:1043d95674566063f638582cc8700c24c4427f532f86b9e7cfc9f9ec84abc1ff", size = 357965, upload-time = "2025-05-13T21:10:53.582Z" },
    { url = "https://files.pythonhosted.org/packages/07/ed/2d807648157a3e94405dc7759e434cbb10784003cd8fa34d992dee02e519/bottleneck-1.5.0-cp313-cp313-manylinux_2_5_x86_64.manylinux1_x86_64.manylinux_2_17_x86_64.manylinux2014_x86_64.whl", hash = "sha256:abc6a24a41f55765215005cec97dd69f41ac747ed0f4d446caa508531957eeda", size = 362845, upload-time = "2025-05-13T21:10:54.7Z" },
    { url = "https://files.pythonhosted.org/packages/f9/7a/ef9c3d9578c4a627d71d107f5e6f7074b98047536edd8adf0e17be5a0c5b/bottleneck-1.5.0-cp313-cp313-musllinux_1_2_aarch64.whl", hash = "sha256:7967e0189defe9f49025bd6469ff0fe22af5463926af55c7ba1e4592051d8ef8", size = 361425, upload-time = "2025-05-13T21:10:56.931Z" },
    { url = "https://files.pythonhosted.org/packages/88/e0/131f6a6adf8b2e2521e3880a29c5ec0e8ebf57b9e1f37fc2337df5c041b8/bottleneck-1.5.0-cp313-cp313-musllinux_1_2_x86_64.whl", hash = "sha256:27e38e829497ca0a5eebdb79d3293aaa424f3c31c13806e5c607fd414536b7c3", size = 373411, upload-time = "2025-05-13T21:10:57.989Z" },
    { url = "https://files.pythonhosted.org/packages/13/e4/4c24ec1347c4fa492f757b126be877201ae90bddbcdc9da17cce09de0d55/bottleneck-1.5.0-cp313-cp313-win32.whl", hash = "sha256:1214a2bf3b36c66e3898aab821ad8366a3062db6f83a8f083e2f799d202e86ea", size = 107925, upload-time = "2025-05-13T21:10:59.39Z" },
    { url = "https://files.pythonhosted.org/packages/8b/44/5e4a73bbe79e16ddbbbdfa1bc6af49b03cbb07aec5e323a14fa3acfc58bd/bottleneck-1.5.0-cp313-cp313-win_amd64.whl", hash = "sha256:436a402f0d60a9d6541d7adb0929501225a151ad03b96b756e0b607db6a106f1", size = 112158, upload-time = "2025-05-13T21:11:00.785Z" },
    { url = "https://files.pythonhosted.org/packages/25/b2/f3ceb3c177dc9bddfb5e71e0e5949af13c5bfee283740ec81b429a4ce19a/bottleneck-1.5.0-cp313-cp313t-macosx_11_0_arm64.whl", hash = "sha256:fc0c0b661005b059fcb09988f8b5e2cd5e9c702e1bed24819ed38f85145140b5", size = 100852, upload-time = "2025-05-13T21:11:02.35Z" },
    { url = "https://files.pythonhosted.org/packages/3e/e7/4f5e212b482529847877558ae770be8eedd985b07d3eb0209dcbdd082595/bottleneck-1.5.0-cp313-cp313t-manylinux_2_17_aarch64.manylinux2014_aarch64.whl", hash = "sha256:48c2657102f3288e178cc341f000475a32f49a3cd8b7067e091d5446fa899383", size = 372068, upload-time = "2025-05-13T21:11:03.319Z" },
    { url = "https://files.pythonhosted.org/packages/a8/fa/7760ecdb2b37b7097e28a2028a1d5cad6ca0b7eae3806ed795c3a12fd87d/bottleneck-1.5.0-cp313-cp313t-manylinux_2_5_x86_64.manylinux1_x86_64.manylinux_2_17_x86_64.manylinux2014_x86_64.whl", hash = "sha256:5c4c94cfcba46adfe71894c63c4b186c847965e73727dbaf5fd9ade41ef38e6e", size = 376524, upload-time = "2025-05-13T21:11:04.385Z" },
    { url = "https://files.pythonhosted.org/packages/24/38/ee90a6e39ed04a8256ecd36baaf1abcea72787214e822675bfdd9b9e896e/bottleneck-1.5.0-cp313-cp313t-musllinux_1_2_aarch64.whl", hash = "sha256:3f3e308416886e29441a0b71bce8f3eb4c7a4943be541fd918244aaf25534d36", size = 375452, upload-time = "2025-05-13T21:11:05.918Z" },
    { url = "https://files.pythonhosted.org/packages/3f/96/82837f96be9abd2651565b9becc2f393eefe6d5a515606d662c6962df4b0/bottleneck-1.5.0-cp313-cp313t-musllinux_1_2_x86_64.whl", hash = "sha256:bda7c475d4a7e271dbd0b1d4bbce29065edc8891361857105b7212fe383c9a36", size = 386361, upload-time = "2025-05-13T21:11:07.191Z" },
    { url = "https://files.pythonhosted.org/packages/73/40/ddf00a9b0065d037792d6d2095a4998f15787f2c60fbdcf638767a75c37f/bottleneck-1.5.0-cp313-cp313t-win32.whl", hash = "sha256:a107ed8b5f998918c24a1e476dbd2dfc3514ab0082df7132c460b01e6ffd8cf4", size = 109355, upload-time = "2025-05-13T21:11:08.253Z" },
    { url = "https://files.pythonhosted.org/packages/33/56/c05fd1459f2b65941fcaf2697b81fe7d3428855c8e66ab1951eed04a13e2/bottleneck-1.5.0-cp313-cp313t-win_amd64.whl", hash = "sha256:816c910c5d1fb53adb32581c52a513b206f503ae253ace70cb32d1fe4e45af1d", size = 113739, upload-time = "2025-05-13T21:11:10.297Z" },
]

[[package]]
name = "bottleneck-stubs"
version = "0.1.5"
source = { git = "https://github.com/py-stubs/bottleneck-stubs.git#5ff9fddf53bfc483b5165fcd268d3e398be47456" }
dependencies = [
    { name = "numpy" },
]

[[package]]
name = "numpy"
version = "2.2.6"
source = { registry = "https://pypi.org/simple" }
sdist = { url = "https://files.pythonhosted.org/packages/76/21/7d2a95e4bba9dc13d043ee156a356c0a8f0c6309dff6b21b4d71a073b8a8/numpy-2.2.6.tar.gz", hash = "sha256:e29554e2bef54a90aa5cc07da6ce955accb83f21ab5de01a62c8478897b264fd", size = 20276440, upload-time = "2025-05-17T22:38:04.611Z" }
wheels = [
    { url = "https://files.pythonhosted.org/packages/82/5d/c00588b6cf18e1da539b45d3598d3557084990dcc4331960c15ee776ee41/numpy-2.2.6-cp312-cp312-macosx_10_13_x86_64.whl", hash = "sha256:41c5a21f4a04fa86436124d388f6ed60a9343a6f767fced1a8a71c3fbca038ff", size = 20875348, upload-time = "2025-05-17T21:34:39.648Z" },
    { url = "https://files.pythonhosted.org/packages/66/ee/560deadcdde6c2f90200450d5938f63a34b37e27ebff162810f716f6a230/numpy-2.2.6-cp312-cp312-macosx_11_0_arm64.whl", hash = "sha256:de749064336d37e340f640b05f24e9e3dd678c57318c7289d222a8a2f543e90c", size = 14119362, upload-time = "2025-05-17T21:35:01.241Z" },
    { url = "https://files.pythonhosted.org/packages/3c/65/4baa99f1c53b30adf0acd9a5519078871ddde8d2339dc5a7fde80d9d87da/numpy-2.2.6-cp312-cp312-macosx_14_0_arm64.whl", hash = "sha256:894b3a42502226a1cac872f840030665f33326fc3dac8e57c607905773cdcde3", size = 5084103, upload-time = "2025-05-17T21:35:10.622Z" },
    { url = "https://files.pythonhosted.org/packages/cc/89/e5a34c071a0570cc40c9a54eb472d113eea6d002e9ae12bb3a8407fb912e/numpy-2.2.6-cp312-cp312-macosx_14_0_x86_64.whl", hash = "sha256:71594f7c51a18e728451bb50cc60a3ce4e6538822731b2933209a1f3614e9282", size = 6625382, upload-time = "2025-05-17T21:35:21.414Z" },
    { url = "https://files.pythonhosted.org/packages/f8/35/8c80729f1ff76b3921d5c9487c7ac3de9b2a103b1cd05e905b3090513510/numpy-2.2.6-cp312-cp312-manylinux_2_17_aarch64.manylinux2014_aarch64.whl", hash = "sha256:f2618db89be1b4e05f7a1a847a9c1c0abd63e63a1607d892dd54668dd92faf87", size = 14018462, upload-time = "2025-05-17T21:35:42.174Z" },
    { url = "https://files.pythonhosted.org/packages/8c/3d/1e1db36cfd41f895d266b103df00ca5b3cbe965184df824dec5c08c6b803/numpy-2.2.6-cp312-cp312-manylinux_2_17_x86_64.manylinux2014_x86_64.whl", hash = "sha256:fd83c01228a688733f1ded5201c678f0c53ecc1006ffbc404db9f7a899ac6249", size = 16527618, upload-time = "2025-05-17T21:36:06.711Z" },
    { url = "https://files.pythonhosted.org/packages/61/c6/03ed30992602c85aa3cd95b9070a514f8b3c33e31124694438d88809ae36/numpy-2.2.6-cp312-cp312-musllinux_1_2_aarch64.whl", hash = "sha256:37c0ca431f82cd5fa716eca9506aefcabc247fb27ba69c5062a6d3ade8cf8f49", size = 15505511, upload-time = "2025-05-17T21:36:29.965Z" },
    { url = "https://files.pythonhosted.org/packages/b7/25/5761d832a81df431e260719ec45de696414266613c9ee268394dd5ad8236/numpy-2.2.6-cp312-cp312-musllinux_1_2_x86_64.whl", hash = "sha256:fe27749d33bb772c80dcd84ae7e8df2adc920ae8297400dabec45f0dedb3f6de", size = 18313783, upload-time = "2025-05-17T21:36:56.883Z" },
    { url = "https://files.pythonhosted.org/packages/57/0a/72d5a3527c5ebffcd47bde9162c39fae1f90138c961e5296491ce778e682/numpy-2.2.6-cp312-cp312-win32.whl", hash = "sha256:4eeaae00d789f66c7a25ac5f34b71a7035bb474e679f410e5e1a94deb24cf2d4", size = 6246506, upload-time = "2025-05-17T21:37:07.368Z" },
    { url = "https://files.pythonhosted.org/packages/36/fa/8c9210162ca1b88529ab76b41ba02d433fd54fecaf6feb70ef9f124683f1/numpy-2.2.6-cp312-cp312-win_amd64.whl", hash = "sha256:c1f9540be57940698ed329904db803cf7a402f3fc200bfe599334c9bd84a40b2", size = 12614190, upload-time = "2025-05-17T21:37:26.213Z" },
    { url = "https://files.pythonhosted.org/packages/f9/5c/6657823f4f594f72b5471f1db1ab12e26e890bb2e41897522d134d2a3e81/numpy-2.2.6-cp313-cp313-macosx_10_13_x86_64.whl", hash = "sha256:0811bb762109d9708cca4d0b13c4f67146e3c3b7cf8d34018c722adb2d957c84", size = 20867828, upload-time = "2025-05-17T21:37:56.699Z" },
    { url = "https://files.pythonhosted.org/packages/dc/9e/14520dc3dadf3c803473bd07e9b2bd1b69bc583cb2497b47000fed2fa92f/numpy-2.2.6-cp313-cp313-macosx_11_0_arm64.whl", hash = "sha256:287cc3162b6f01463ccd86be154f284d0893d2b3ed7292439ea97eafa8170e0b", size = 14143006, upload-time = "2025-05-17T21:38:18.291Z" },
    { url = "https://files.pythonhosted.org/packages/4f/06/7e96c57d90bebdce9918412087fc22ca9851cceaf5567a45c1f404480e9e/numpy-2.2.6-cp313-cp313-macosx_14_0_arm64.whl", hash = "sha256:f1372f041402e37e5e633e586f62aa53de2eac8d98cbfb822806ce4bbefcb74d", size = 5076765, upload-time = "2025-05-17T21:38:27.319Z" },
    { url = "https://files.pythonhosted.org/packages/73/ed/63d920c23b4289fdac96ddbdd6132e9427790977d5457cd132f18e76eae0/numpy-2.2.6-cp313-cp313-macosx_14_0_x86_64.whl", hash = "sha256:55a4d33fa519660d69614a9fad433be87e5252f4b03850642f88993f7b2ca566", size = 6617736, upload-time = "2025-05-17T21:38:38.141Z" },
    { url = "https://files.pythonhosted.org/packages/85/c5/e19c8f99d83fd377ec8c7e0cf627a8049746da54afc24ef0a0cb73d5dfb5/numpy-2.2.6-cp313-cp313-manylinux_2_17_aarch64.manylinux2014_aarch64.whl", hash = "sha256:f92729c95468a2f4f15e9bb94c432a9229d0d50de67304399627a943201baa2f", size = 14010719, upload-time = "2025-05-17T21:38:58.433Z" },
    { url = "https://files.pythonhosted.org/packages/19/49/4df9123aafa7b539317bf6d342cb6d227e49f7a35b99c287a6109b13dd93/numpy-2.2.6-cp313-cp313-manylinux_2_17_x86_64.manylinux2014_x86_64.whl", hash = "sha256:1bc23a79bfabc5d056d106f9befb8d50c31ced2fbc70eedb8155aec74a45798f", size = 16526072, upload-time = "2025-05-17T21:39:22.638Z" },
    { url = "https://files.pythonhosted.org/packages/b2/6c/04b5f47f4f32f7c2b0e7260442a8cbcf8168b0e1a41ff1495da42f42a14f/numpy-2.2.6-cp313-cp313-musllinux_1_2_aarch64.whl", hash = "sha256:e3143e4451880bed956e706a3220b4e5cf6172ef05fcc397f6f36a550b1dd868", size = 15503213, upload-time = "2025-05-17T21:39:45.865Z" },
    { url = "https://files.pythonhosted.org/packages/17/0a/5cd92e352c1307640d5b6fec1b2ffb06cd0dabe7d7b8227f97933d378422/numpy-2.2.6-cp313-cp313-musllinux_1_2_x86_64.whl", hash = "sha256:b4f13750ce79751586ae2eb824ba7e1e8dba64784086c98cdbbcc6a42112ce0d", size = 18316632, upload-time = "2025-05-17T21:40:13.331Z" },
    { url = "https://files.pythonhosted.org/packages/f0/3b/5cba2b1d88760ef86596ad0f3d484b1cbff7c115ae2429678465057c5155/numpy-2.2.6-cp313-cp313-win32.whl", hash = "sha256:5beb72339d9d4fa36522fc63802f469b13cdbe4fdab4a288f0c441b74272ebfd", size = 6244532, upload-time = "2025-05-17T21:43:46.099Z" },
    { url = "https://files.pythonhosted.org/packages/cb/3b/d58c12eafcb298d4e6d0d40216866ab15f59e55d148a5658bb3132311fcf/numpy-2.2.6-cp313-cp313-win_amd64.whl", hash = "sha256:b0544343a702fa80c95ad5d3d608ea3599dd54d4632df855e4c8d24eb6ecfa1c", size = 12610885, upload-time = "2025-05-17T21:44:05.145Z" },
    { url = "https://files.pythonhosted.org/packages/6b/9e/4bf918b818e516322db999ac25d00c75788ddfd2d2ade4fa66f1f38097e1/numpy-2.2.6-cp313-cp313t-macosx_10_13_x86_64.whl", hash = "sha256:0bca768cd85ae743b2affdc762d617eddf3bcf8724435498a1e80132d04879e6", size = 20963467, upload-time = "2025-05-17T21:40:44Z" },
    { url = "https://files.pythonhosted.org/packages/61/66/d2de6b291507517ff2e438e13ff7b1e2cdbdb7cb40b3ed475377aece69f9/numpy-2.2.6-cp313-cp313t-macosx_11_0_arm64.whl", hash = "sha256:fc0c5673685c508a142ca65209b4e79ed6740a4ed6b2267dbba90f34b0b3cfda", size = 14225144, upload-time = "2025-05-17T21:41:05.695Z" },
    { url = "https://files.pythonhosted.org/packages/e4/25/480387655407ead912e28ba3a820bc69af9adf13bcbe40b299d454ec011f/numpy-2.2.6-cp313-cp313t-macosx_14_0_arm64.whl", hash = "sha256:5bd4fc3ac8926b3819797a7c0e2631eb889b4118a9898c84f585a54d475b7e40", size = 5200217, upload-time = "2025-05-17T21:41:15.903Z" },
    { url = "https://files.pythonhosted.org/packages/aa/4a/6e313b5108f53dcbf3aca0c0f3e9c92f4c10ce57a0a721851f9785872895/numpy-2.2.6-cp313-cp313t-macosx_14_0_x86_64.whl", hash = "sha256:fee4236c876c4e8369388054d02d0e9bb84821feb1a64dd59e137e6511a551f8", size = 6712014, upload-time = "2025-05-17T21:41:27.321Z" },
    { url = "https://files.pythonhosted.org/packages/b7/30/172c2d5c4be71fdf476e9de553443cf8e25feddbe185e0bd88b096915bcc/numpy-2.2.6-cp313-cp313t-manylinux_2_17_aarch64.manylinux2014_aarch64.whl", hash = "sha256:e1dda9c7e08dc141e0247a5b8f49cf05984955246a327d4c48bda16821947b2f", size = 14077935, upload-time = "2025-05-17T21:41:49.738Z" },
    { url = "https://files.pythonhosted.org/packages/12/fb/9e743f8d4e4d3c710902cf87af3512082ae3d43b945d5d16563f26ec251d/numpy-2.2.6-cp313-cp313t-manylinux_2_17_x86_64.manylinux2014_x86_64.whl", hash = "sha256:f447e6acb680fd307f40d3da4852208af94afdfab89cf850986c3ca00562f4fa", size = 16600122, upload-time = "2025-05-17T21:42:14.046Z" },
    { url = "https://files.pythonhosted.org/packages/12/75/ee20da0e58d3a66f204f38916757e01e33a9737d0b22373b3eb5a27358f9/numpy-2.2.6-cp313-cp313t-musllinux_1_2_aarch64.whl", hash = "sha256:389d771b1623ec92636b0786bc4ae56abafad4a4c513d36a55dce14bd9ce8571", size = 15586143, upload-time = "2025-05-17T21:42:37.464Z" },
    { url = "https://files.pythonhosted.org/packages/76/95/bef5b37f29fc5e739947e9ce5179ad402875633308504a52d188302319c8/numpy-2.2.6-cp313-cp313t-musllinux_1_2_x86_64.whl", hash = "sha256:8e9ace4a37db23421249ed236fdcdd457d671e25146786dfc96835cd951aa7c1", size = 18385260, upload-time = "2025-05-17T21:43:05.189Z" },
    { url = "https://files.pythonhosted.org/packages/09/04/f2f83279d287407cf36a7a8053a5abe7be3622a4363337338f2585e4afda/numpy-2.2.6-cp313-cp313t-win32.whl", hash = "sha256:038613e9fb8c72b0a41f025a7e4c3f0b7a1b5d768ece4796b674c8f3fe13efff", size = 6377225, upload-time = "2025-05-17T21:43:16.254Z" },
    { url = "https://files.pythonhosted.org/packages/67/0e/35082d13c09c02c011cf21570543d202ad929d961c02a147493cb0c2bdf5/numpy-2.2.6-cp313-cp313t-win_amd64.whl", hash = "sha256:6031dd6dfecc0cf9f668681a37648373bddd6421fff6c66ec1624eed0180ee06", size = 12771374, upload-time = "2025-05-17T21:43:35.479Z" },
]

[[package]]
name = "polars"
version = "1.33.0"
source = { registry = "https://pypi.org/simple" }
sdist = { url = "https://files.pythonhosted.org/packages/b6/3f/d8bc150b548a486f2559586ec6455c2566b9d2fb7ee1acae90ddca14eec1/polars-1.33.0.tar.gz", hash = "sha256:50ad2ab96c701be2c6ac9b584d9aa6a385f228f6c06de15b88c5d10df7990d56", size = 4811393, upload-time = "2025-09-01T16:32:46.106Z" }
wheels = [
    { url = "https://files.pythonhosted.org/packages/23/8c/0c4ac34030348ed547b27db0ae7d77ccd12dc4008e91c4f8e896c3161ed8/polars-1.33.0-cp39-abi3-macosx_10_12_x86_64.whl", hash = "sha256:664ef1c0988e4098518c6acfdd5477f2e11611f4ac8a269db55b94ea4978d0e5", size = 38793275, upload-time = "2025-09-01T16:31:51.038Z" },
    { url = "https://files.pythonhosted.org/packages/95/2a/87e27ef3cb76e54f92dd177b9f4c80329d66e78f51ed968e9bdf452ccfb1/polars-1.33.0-cp39-abi3-macosx_11_0_arm64.whl", hash = "sha256:2477b720c466914549f0f2cfc69f617a602d91e9d90205b64d795ed1ecf99b3c", size = 35238137, upload-time = "2025-09-01T16:31:55.179Z" },
    { url = "https://files.pythonhosted.org/packages/f2/e2/485c87047e8aaae8dae4e9881517697616b7f79b14132961fbccfc386b29/polars-1.33.0-cp39-abi3-manylinux_2_17_x86_64.manylinux2014_x86_64.whl", hash = "sha256:bd9b76abc22fdb20a005c629ee8c056b0545433f18854b929fb54e351d1b98ee", size = 39341268, upload-time = "2025-09-01T16:31:58.269Z" },
    { url = "https://files.pythonhosted.org/packages/b9/3a/39d784ed547832eb6cbe86cc7f3a6353fa977803e0cec743dd5932ecf50b/polars-1.33.0-cp39-abi3-manylinux_2_24_aarch64.whl", hash = "sha256:6e78026c2ece38c45c6ee0416e2594980652d89deee13a15bd9f83743ec8fa8d", size = 36262606, upload-time = "2025-09-01T16:32:01.981Z" },
    { url = "https://files.pythonhosted.org/packages/94/1b/4aea12acf2301f4d7fe78b9f4b54611ec2187439fa299e986974cfd956f2/polars-1.33.0-cp39-abi3-win_amd64.whl", hash = "sha256:7973568178117667871455d7969c1929abb890597964ca89290bfd89e4366980", size = 38919180, upload-time = "2025-09-01T16:32:05.087Z" },
    { url = "https://files.pythonhosted.org/packages/58/13/824a81b43199202fc859c24515cd5b227930d6dce0dea488e4b415edbaba/polars-1.33.0-cp39-abi3-win_arm64.whl", hash = "sha256:c7d614644eda028907965f8203ac54b9a4f5b90303de2723bf1c1087433a0914", size = 35033820, upload-time = "2025-09-01T16:32:08.116Z" },
]

[[package]]
name = "rustats"
source = { editable = "." }
dependencies = [
    { name = "numpy" },
]

[package.dev-dependencies]
dev = [
    { name = "bottleneck" },
    { name = "bottleneck-stubs" },
    { name = "polars" },
]

[package.metadata]
requires-dist = [{ name = "numpy", specifier = ">=1.24.4" }]

[package.metadata.requires-dev]
dev = [
    { name = "bottleneck", specifier = ">=1.5.0" },
    { name = "bottleneck-stubs", git = "https://github.com/py-stubs/bottleneck-stubs.git" },
    { name = "polars", specifier = ">=1.33.0" },
]
